// !$*UTF8*$!
{
	archiveVersion = 1;
	classes = {
	};
	objectVersion = 56;
	objects = {

/* Begin PBXBuildFile section */
		190C55782A12BE63004C01AA /* AppDelegate.swift in Sources */ = {isa = PBXBuildFile; fileRef = 190C55772A12BE63004C01AA /* AppDelegate.swift */; };
		190C557A2A12BE63004C01AA /* SceneDelegate.swift in Sources */ = {isa = PBXBuildFile; fileRef = 190C55792A12BE63004C01AA /* SceneDelegate.swift */; };
		190C557C2A12BE63004C01AA /* ViewController.swift in Sources */ = {isa = PBXBuildFile; fileRef = 190C557B2A12BE63004C01AA /* ViewController.swift */; };
		190C557F2A12BE63004C01AA /* Main.storyboard in Resources */ = {isa = PBXBuildFile; fileRef = 190C557D2A12BE63004C01AA /* Main.storyboard */; };
		190C55812A12BE65004C01AA /* Assets.xcassets in Resources */ = {isa = PBXBuildFile; fileRef = 190C55802A12BE65004C01AA /* Assets.xcassets */; };
		190C55842A12BE65004C01AA /* LaunchScreen.storyboard in Resources */ = {isa = PBXBuildFile; fileRef = 190C55822A12BE65004C01AA /* LaunchScreen.storyboard */; };
		190C558F2A12BE65004C01AA /* AthenianMapsV2Tests.swift in Sources */ = {isa = PBXBuildFile; fileRef = 190C558E2A12BE65004C01AA /* AthenianMapsV2Tests.swift */; };
		190C55992A12BE65004C01AA /* AthenianMapsV2UITests.swift in Sources */ = {isa = PBXBuildFile; fileRef = 190C55982A12BE65004C01AA /* AthenianMapsV2UITests.swift */; };
		190C559B2A12BE65004C01AA /* AthenianMapsV2UITestsLaunchTests.swift in Sources */ = {isa = PBXBuildFile; fileRef = 190C559A2A12BE65004C01AA /* AthenianMapsV2UITestsLaunchTests.swift */; };
/* End PBXBuildFile section */

/* Begin PBXContainerItemProxy section */
		190C558B2A12BE65004C01AA /* PBXContainerItemProxy */ = {
			isa = PBXContainerItemProxy;
			containerPortal = 190C556C2A12BE63004C01AA /* Project object */;
			proxyType = 1;
			remoteGlobalIDString = 190C55732A12BE63004C01AA;
			remoteInfo = AthenianMapsV2;
		};
		190C55952A12BE65004C01AA /* PBXContainerItemProxy */ = {
			isa = PBXContainerItemProxy;
			containerPortal = 190C556C2A12BE63004C01AA /* Project object */;
			proxyType = 1;
			remoteGlobalIDString = 190C55732A12BE63004C01AA;
			remoteInfo = AthenianMapsV2;
		};
/* End PBXContainerItemProxy section */

/* Begin PBXFileReference section */
		190C55742A12BE63004C01AA /* AthenianMapsV2.app */ = {isa = PBXFileReference; explicitFileType = wrapper.application; includeInIndex = 0; path = AthenianMapsV2.app; sourceTree = BUILT_PRODUCTS_DIR; };
		190C55772A12BE63004C01AA /* AppDelegate.swift */ = {isa = PBXFileReference; lastKnownFileType = sourcecode.swift; path = AppDelegate.swift; sourceTree = "<group>"; };
		190C55792A12BE63004C01AA /* SceneDelegate.swift */ = {isa = PBXFileReference; lastKnownFileType = sourcecode.swift; path = SceneDelegate.swift; sourceTree = "<group>"; };
		190C557B2A12BE63004C01AA /* ViewController.swift */ = {isa = PBXFileReference; lastKnownFileType = sourcecode.swift; path = ViewController.swift; sourceTree = "<group>"; };
		190C557E2A12BE63004C01AA /* Base */ = {isa = PBXFileReference; lastKnownFileType = file.storyboard; name = Base; path = Base.lproj/Main.storyboard; sourceTree = "<group>"; };
		190C55802A12BE65004C01AA /* Assets.xcassets */ = {isa = PBXFileReference; lastKnownFileType = folder.assetcatalog; path = Assets.xcassets; sourceTree = "<group>"; };
		190C55832A12BE65004C01AA /* Base */ = {isa = PBXFileReference; lastKnownFileType = file.storyboard; name = Base; path = Base.lproj/LaunchScreen.storyboard; sourceTree = "<group>"; };
		190C55852A12BE65004C01AA /* Info.plist */ = {isa = PBXFileReference; lastKnownFileType = text.plist.xml; path = Info.plist; sourceTree = "<group>"; };
		190C558A2A12BE65004C01AA /* AthenianMapsV2Tests.xctest */ = {isa = PBXFileReference; explicitFileType = wrapper.cfbundle; includeInIndex = 0; path = AthenianMapsV2Tests.xctest; sourceTree = BUILT_PRODUCTS_DIR; };
		190C558E2A12BE65004C01AA /* AthenianMapsV2Tests.swift */ = {isa = PBXFileReference; lastKnownFileType = sourcecode.swift; path = AthenianMapsV2Tests.swift; sourceTree = "<group>"; };
		190C55942A12BE65004C01AA /* AthenianMapsV2UITests.xctest */ = {isa = PBXFileReference; explicitFileType = wrapper.cfbundle; includeInIndex = 0; path = AthenianMapsV2UITests.xctest; sourceTree = BUILT_PRODUCTS_DIR; };
		190C55982A12BE65004C01AA /* AthenianMapsV2UITests.swift */ = {isa = PBXFileReference; lastKnownFileType = sourcecode.swift; path = AthenianMapsV2UITests.swift; sourceTree = "<group>"; };
		190C559A2A12BE65004C01AA /* AthenianMapsV2UITestsLaunchTests.swift */ = {isa = PBXFileReference; lastKnownFileType = sourcecode.swift; path = AthenianMapsV2UITestsLaunchTests.swift; sourceTree = "<group>"; };
/* End PBXFileReference section */

/* Begin PBXFrameworksBuildPhase section */
		190C55712A12BE63004C01AA /* Frameworks */ = {
			isa = PBXFrameworksBuildPhase;
			buildActionMask = 2147483647;
			files = (
			);
			runOnlyForDeploymentPostprocessing = 0;
		};
		190C55872A12BE65004C01AA /* Frameworks */ = {
			isa = PBXFrameworksBuildPhase;
			buildActionMask = 2147483647;
			files = (
			);
			runOnlyForDeploymentPostprocessing = 0;
		};
		190C55912A12BE65004C01AA /* Frameworks */ = {
			isa = PBXFrameworksBuildPhase;
			buildActionMask = 2147483647;
			files = (
			);
			runOnlyForDeploymentPostprocessing = 0;
		};
/* End PBXFrameworksBuildPhase section */

/* Begin PBXGroup section */
		190C556B2A12BE63004C01AA = {
			isa = PBXGroup;
			children = (
				190C55762A12BE63004C01AA /* AthenianMapsV2 */,
				190C558D2A12BE65004C01AA /* AthenianMapsV2Tests */,
				190C55972A12BE65004C01AA /* AthenianMapsV2UITests */,
				190C55752A12BE63004C01AA /* Products */,
			);
			sourceTree = "<group>";
		};
		190C55752A12BE63004C01AA /* Products */ = {
			isa = PBXGroup;
			children = (
				190C55742A12BE63004C01AA /* AthenianMapsV2.app */,
				190C558A2A12BE65004C01AA /* AthenianMapsV2Tests.xctest */,
				190C55942A12BE65004C01AA /* AthenianMapsV2UITests.xctest */,
			);
			name = Products;
			sourceTree = "<group>";
		};
		190C55762A12BE63004C01AA /* AthenianMapsV2 */ = {
			isa = PBXGroup;
			children = (
				190C55772A12BE63004C01AA /* AppDelegate.swift */,
				190C55792A12BE63004C01AA /* SceneDelegate.swift */,
				190C557B2A12BE63004C01AA /* ViewController.swift */,
				190C557D2A12BE63004C01AA /* Main.storyboard */,
				190C55802A12BE65004C01AA /* Assets.xcassets */,
				190C55822A12BE65004C01AA /* LaunchScreen.storyboard */,
				190C55852A12BE65004C01AA /* Info.plist */,
			);
			path = AthenianMapsV2;
			sourceTree = "<group>";
		};
		190C558D2A12BE65004C01AA /* AthenianMapsV2Tests */ = {
			isa = PBXGroup;
			children = (
				190C558E2A12BE65004C01AA /* AthenianMapsV2Tests.swift */,
			);
			path = AthenianMapsV2Tests;
			sourceTree = "<group>";
		};
		190C55972A12BE65004C01AA /* AthenianMapsV2UITests */ = {
			isa = PBXGroup;
			children = (
				190C55982A12BE65004C01AA /* AthenianMapsV2UITests.swift */,
				190C559A2A12BE65004C01AA /* AthenianMapsV2UITestsLaunchTests.swift */,
			);
			path = AthenianMapsV2UITests;
			sourceTree = "<group>";
		};
/* End PBXGroup section */

/* Begin PBXNativeTarget section */
		190C55732A12BE63004C01AA /* AthenianMapsV2 */ = {
			isa = PBXNativeTarget;
			buildConfigurationList = 190C559E2A12BE65004C01AA /* Build configuration list for PBXNativeTarget "AthenianMapsV2" */;
			buildPhases = (
				190C55702A12BE63004C01AA /* Sources */,
				190C55712A12BE63004C01AA /* Frameworks */,
				190C55722A12BE63004C01AA /* Resources */,
			);
			buildRules = (
			);
			dependencies = (
			);
			name = AthenianMapsV2;
			productName = AthenianMapsV2;
			productReference = 190C55742A12BE63004C01AA /* AthenianMapsV2.app */;
			productType = "com.apple.product-type.application";
		};
		190C55892A12BE65004C01AA /* AthenianMapsV2Tests */ = {
			isa = PBXNativeTarget;
			buildConfigurationList = 190C55A12A12BE65004C01AA /* Build configuration list for PBXNativeTarget "AthenianMapsV2Tests" */;
			buildPhases = (
				190C55862A12BE65004C01AA /* Sources */,
				190C55872A12BE65004C01AA /* Frameworks */,
				190C55882A12BE65004C01AA /* Resources */,
			);
			buildRules = (
			);
			dependencies = (
				190C558C2A12BE65004C01AA /* PBXTargetDependency */,
			);
			name = AthenianMapsV2Tests;
			productName = AthenianMapsV2Tests;
			productReference = 190C558A2A12BE65004C01AA /* AthenianMapsV2Tests.xctest */;
			productType = "com.apple.product-type.bundle.unit-test";
		};
		190C55932A12BE65004C01AA /* AthenianMapsV2UITests */ = {
			isa = PBXNativeTarget;
			buildConfigurationList = 190C55A42A12BE65004C01AA /* Build configuration list for PBXNativeTarget "AthenianMapsV2UITests" */;
			buildPhases = (
				190C55902A12BE65004C01AA /* Sources */,
				190C55912A12BE65004C01AA /* Frameworks */,
				190C55922A12BE65004C01AA /* Resources */,
			);
			buildRules = (
			);
			dependencies = (
				190C55962A12BE65004C01AA /* PBXTargetDependency */,
			);
			name = AthenianMapsV2UITests;
			productName = AthenianMapsV2UITests;
			productReference = 190C55942A12BE65004C01AA /* AthenianMapsV2UITests.xctest */;
			productType = "com.apple.product-type.bundle.ui-testing";
		};
/* End PBXNativeTarget section */

/* Begin PBXProject section */
		190C556C2A12BE63004C01AA /* Project object */ = {
			isa = PBXProject;
			attributes = {
				BuildIndependentTargetsInParallel = 1;
				LastSwiftUpdateCheck = 1420;
				LastUpgradeCheck = 1420;
				TargetAttributes = {
					190C55732A12BE63004C01AA = {
						CreatedOnToolsVersion = 14.2;
					};
					190C55892A12BE65004C01AA = {
						CreatedOnToolsVersion = 14.2;
						TestTargetID = 190C55732A12BE63004C01AA;
					};
					190C55932A12BE65004C01AA = {
						CreatedOnToolsVersion = 14.2;
						TestTargetID = 190C55732A12BE63004C01AA;
					};
				};
			};
			buildConfigurationList = 190C556F2A12BE63004C01AA /* Build configuration list for PBXProject "AthenianMapsV2" */;
			compatibilityVersion = "Xcode 14.0";
			developmentRegion = en;
			hasScannedForEncodings = 0;
			knownRegions = (
				en,
				Base,
			);
			mainGroup = 190C556B2A12BE63004C01AA;
			productRefGroup = 190C55752A12BE63004C01AA /* Products */;
			projectDirPath = "";
			projectRoot = "";
			targets = (
				190C55732A12BE63004C01AA /* AthenianMapsV2 */,
				190C55892A12BE65004C01AA /* AthenianMapsV2Tests */,
				190C55932A12BE65004C01AA /* AthenianMapsV2UITests */,
			);
		};
/* End PBXProject section */

/* Begin PBXResourcesBuildPhase section */
		190C55722A12BE63004C01AA /* Resources */ = {
			isa = PBXResourcesBuildPhase;
			buildActionMask = 2147483647;
			files = (
				190C55842A12BE65004C01AA /* LaunchScreen.storyboard in Resources */,
				190C55812A12BE65004C01AA /* Assets.xcassets in Resources */,
				190C557F2A12BE63004C01AA /* Main.storyboard in Resources */,
			);
			runOnlyForDeploymentPostprocessing = 0;
		};
		190C55882A12BE65004C01AA /* Resources */ = {
			isa = PBXResourcesBuildPhase;
			buildActionMask = 2147483647;
			files = (
			);
			runOnlyForDeploymentPostprocessing = 0;
		};
		190C55922A12BE65004C01AA /* Resources */ = {
			isa = PBXResourcesBuildPhase;
			buildActionMask = 2147483647;
			files = (
			);
			runOnlyForDeploymentPostprocessing = 0;
		};
/* End PBXResourcesBuildPhase section */

/* Begin PBXSourcesBuildPhase section */
		190C55702A12BE63004C01AA /* Sources */ = {
			isa = PBXSourcesBuildPhase;
			buildActionMask = 2147483647;
			files = (
				190C557C2A12BE63004C01AA /* ViewController.swift in Sources */,
				190C55782A12BE63004C01AA /* AppDelegate.swift in Sources */,
				190C557A2A12BE63004C01AA /* SceneDelegate.swift in Sources */,
			);
			runOnlyForDeploymentPostprocessing = 0;
		};
		190C55862A12BE65004C01AA /* Sources */ = {
			isa = PBXSourcesBuildPhase;
			buildActionMask = 2147483647;
			files = (
				190C558F2A12BE65004C01AA /* AthenianMapsV2Tests.swift in Sources */,
			);
			runOnlyForDeploymentPostprocessing = 0;
		};
		190C55902A12BE65004C01AA /* Sources */ = {
			isa = PBXSourcesBuildPhase;
			buildActionMask = 2147483647;
			files = (
				190C55992A12BE65004C01AA /* AthenianMapsV2UITests.swift in Sources */,
				190C559B2A12BE65004C01AA /* AthenianMapsV2UITestsLaunchTests.swift in Sources */,
			);
			runOnlyForDeploymentPostprocessing = 0;
		};
/* End PBXSourcesBuildPhase section */

/* Begin PBXTargetDependency section */
		190C558C2A12BE65004C01AA /* PBXTargetDependency */ = {
			isa = PBXTargetDependency;
			target = 190C55732A12BE63004C01AA /* AthenianMapsV2 */;
			targetProxy = 190C558B2A12BE65004C01AA /* PBXContainerItemProxy */;
		};
		190C55962A12BE65004C01AA /* PBXTargetDependency */ = {
			isa = PBXTargetDependency;
			target = 190C55732A12BE63004C01AA /* AthenianMapsV2 */;
			targetProxy = 190C55952A12BE65004C01AA /* PBXContainerItemProxy */;
		};
/* End PBXTargetDependency section */

/* Begin PBXVariantGroup section */
		190C557D2A12BE63004C01AA /* Main.storyboard */ = {
			isa = PBXVariantGroup;
			children = (
				190C557E2A12BE63004C01AA /* Base */,
			);
			name = Main.storyboard;
			sourceTree = "<group>";
		};
		190C55822A12BE65004C01AA /* LaunchScreen.storyboard */ = {
			isa = PBXVariantGroup;
			children = (
				190C55832A12BE65004C01AA /* Base */,
			);
			name = LaunchScreen.storyboard;
			sourceTree = "<group>";
		};
/* End PBXVariantGroup section */

/* Begin XCBuildConfiguration section */
		190C559C2A12BE65004C01AA /* Debug */ = {
			isa = XCBuildConfiguration;
			buildSettings = {
				ALWAYS_SEARCH_USER_PATHS = NO;
				CLANG_ANALYZER_NONNULL = YES;
				CLANG_ANALYZER_NUMBER_OBJECT_CONVERSION = YES_AGGRESSIVE;
				CLANG_CXX_LANGUAGE_STANDARD = "gnu++20";
				CLANG_ENABLE_MODULES = YES;
				CLANG_ENABLE_OBJC_ARC = YES;
				CLANG_ENABLE_OBJC_WEAK = YES;
				CLANG_WARN_BLOCK_CAPTURE_AUTORELEASING = YES;
				CLANG_WARN_BOOL_CONVERSION = YES;
				CLANG_WARN_COMMA = YES;
				CLANG_WARN_CONSTANT_CONVERSION = YES;
				CLANG_WARN_DEPRECATED_OBJC_IMPLEMENTATIONS = YES;
				CLANG_WARN_DIRECT_OBJC_ISA_USAGE = YES_ERROR;
				CLANG_WARN_DOCUMENTATION_COMMENTS = YES;
				CLANG_WARN_EMPTY_BODY = YES;
				CLANG_WARN_ENUM_CONVERSION = YES;
				CLANG_WARN_INFINITE_RECURSION = YES;
				CLANG_WARN_INT_CONVERSION = YES;
				CLANG_WARN_NON_LITERAL_NULL_CONVERSION = YES;
				CLANG_WARN_OBJC_IMPLICIT_RETAIN_SELF = YES;
				CLANG_WARN_OBJC_LITERAL_CONVERSION = YES;
				CLANG_WARN_OBJC_ROOT_CLASS = YES_ERROR;
				CLANG_WARN_QUOTED_INCLUDE_IN_FRAMEWORK_HEADER = YES;
				CLANG_WARN_RANGE_LOOP_ANALYSIS = YES;
				CLANG_WARN_STRICT_PROTOTYPES = YES;
				CLANG_WARN_SUSPICIOUS_MOVE = YES;
				CLANG_WARN_UNGUARDED_AVAILABILITY = YES_AGGRESSIVE;
				CLANG_WARN_UNREACHABLE_CODE = YES;
				CLANG_WARN__DUPLICATE_METHOD_MATCH = YES;
				COPY_PHASE_STRIP = NO;
				DEBUG_INFORMATION_FORMAT = dwarf;
				ENABLE_STRICT_OBJC_MSGSEND = YES;
				ENABLE_TESTABILITY = YES;
				GCC_C_LANGUAGE_STANDARD = gnu11;
				GCC_DYNAMIC_NO_PIC = NO;
				GCC_NO_COMMON_BLOCKS = YES;
				GCC_OPTIMIZATION_LEVEL = 0;
				GCC_PREPROCESSOR_DEFINITIONS = (
					"DEBUG=1",
					"$(inherited)",
				);
				GCC_WARN_64_TO_32_BIT_CONVERSION = YES;
				GCC_WARN_ABOUT_RETURN_TYPE = YES_ERROR;
				GCC_WARN_UNDECLARED_SELECTOR = YES;
				GCC_WARN_UNINITIALIZED_AUTOS = YES_AGGRESSIVE;
				GCC_WARN_UNUSED_FUNCTION = YES;
				GCC_WARN_UNUSED_VARIABLE = YES;
				IPHONEOS_DEPLOYMENT_TARGET = 16.2;
				MTL_ENABLE_DEBUG_INFO = INCLUDE_SOURCE;
				MTL_FAST_MATH = YES;
				ONLY_ACTIVE_ARCH = YES;
				SDKROOT = iphoneos;
				SWIFT_ACTIVE_COMPILATION_CONDITIONS = DEBUG;
				SWIFT_OPTIMIZATION_LEVEL = "-Onone";
			};
			name = Debug;
		};
		190C559D2A12BE65004C01AA /* Release */ = {
			isa = XCBuildConfiguration;
			buildSettings = {
				ALWAYS_SEARCH_USER_PATHS = NO;
				CLANG_ANALYZER_NONNULL = YES;
				CLANG_ANALYZER_NUMBER_OBJECT_CONVERSION = YES_AGGRESSIVE;
				CLANG_CXX_LANGUAGE_STANDARD = "gnu++20";
				CLANG_ENABLE_MODULES = YES;
				CLANG_ENABLE_OBJC_ARC = YES;
				CLANG_ENABLE_OBJC_WEAK = YES;
				CLANG_WARN_BLOCK_CAPTURE_AUTORELEASING = YES;
				CLANG_WARN_BOOL_CONVERSION = YES;
				CLANG_WARN_COMMA = YES;
				CLANG_WARN_CONSTANT_CONVERSION = YES;
				CLANG_WARN_DEPRECATED_OBJC_IMPLEMENTATIONS = YES;
				CLANG_WARN_DIRECT_OBJC_ISA_USAGE = YES_ERROR;
				CLANG_WARN_DOCUMENTATION_COMMENTS = YES;
				CLANG_WARN_EMPTY_BODY = YES;
				CLANG_WARN_ENUM_CONVERSION = YES;
				CLANG_WARN_INFINITE_RECURSION = YES;
				CLANG_WARN_INT_CONVERSION = YES;
				CLANG_WARN_NON_LITERAL_NULL_CONVERSION = YES;
				CLANG_WARN_OBJC_IMPLICIT_RETAIN_SELF = YES;
				CLANG_WARN_OBJC_LITERAL_CONVERSION = YES;
				CLANG_WARN_OBJC_ROOT_CLASS = YES_ERROR;
				CLANG_WARN_QUOTED_INCLUDE_IN_FRAMEWORK_HEADER = YES;
				CLANG_WARN_RANGE_LOOP_ANALYSIS = YES;
				CLANG_WARN_STRICT_PROTOTYPES = YES;
				CLANG_WARN_SUSPICIOUS_MOVE = YES;
				CLANG_WARN_UNGUARDED_AVAILABILITY = YES_AGGRESSIVE;
				CLANG_WARN_UNREACHABLE_CODE = YES;
				CLANG_WARN__DUPLICATE_METHOD_MATCH = YES;
				COPY_PHASE_STRIP = NO;
				DEBUG_INFORMATION_FORMAT = "dwarf-with-dsym";
				ENABLE_NS_ASSERTIONS = NO;
				ENABLE_STRICT_OBJC_MSGSEND = YES;
				GCC_C_LANGUAGE_STANDARD = gnu11;
				GCC_NO_COMMON_BLOCKS = YES;
				GCC_WARN_64_TO_32_BIT_CONVERSION = YES;
				GCC_WARN_ABOUT_RETURN_TYPE = YES_ERROR;
				GCC_WARN_UNDECLARED_SELECTOR = YES;
				GCC_WARN_UNINITIALIZED_AUTOS = YES_AGGRESSIVE;
				GCC_WARN_UNUSED_FUNCTION = YES;
				GCC_WARN_UNUSED_VARIABLE = YES;
				IPHONEOS_DEPLOYMENT_TARGET = 16.2;
				MTL_ENABLE_DEBUG_INFO = NO;
				MTL_FAST_MATH = YES;
				SDKROOT = iphoneos;
				SWIFT_COMPILATION_MODE = wholemodule;
				SWIFT_OPTIMIZATION_LEVEL = "-O";
				VALIDATE_PRODUCT = YES;
			};
			name = Release;
		};
		190C559F2A12BE65004C01AA /* Debug */ = {
			isa = XCBuildConfiguration;
			buildSettings = {
				ASSETCATALOG_COMPILER_APPICON_NAME = AppIcon;
				ASSETCATALOG_COMPILER_GLOBAL_ACCENT_COLOR_NAME = AccentColor;
				CODE_SIGN_STYLE = Automatic;
				CURRENT_PROJECT_VERSION = 1;
				DEVELOPMENT_TEAM = CBND793QHS;
				GENERATE_INFOPLIST_FILE = YES;
				INFOPLIST_FILE = AthenianMapsV2/Info.plist;
				INFOPLIST_KEY_UIApplicationSupportsIndirectInputEvents = YES;
				INFOPLIST_KEY_UILaunchStoryboardName = LaunchScreen;
				INFOPLIST_KEY_UIMainStoryboardFile = Main;
				INFOPLIST_KEY_UISupportedInterfaceOrientations_iPad = "UIInterfaceOrientationPortrait UIInterfaceOrientationPortraitUpsideDown UIInterfaceOrientationLandscapeLeft UIInterfaceOrientationLandscapeRight";
				INFOPLIST_KEY_UISupportedInterfaceOrientations_iPhone = "UIInterfaceOrientationPortrait UIInterfaceOrientationLandscapeLeft UIInterfaceOrientationLandscapeRight";
				LD_RUNPATH_SEARCH_PATHS = (
					"$(inherited)",
					"@executable_path/Frameworks",
				);
				MARKETING_VERSION = 1.0;
				PRODUCT_BUNDLE_IDENTIFIER = xyz.unmatch.AthenianMapsV2;
				PRODUCT_NAME = "$(TARGET_NAME)";
				SWIFT_EMIT_LOC_STRINGS = YES;
				SWIFT_VERSION = 5.0;
				TARGETED_DEVICE_FAMILY = "1,2";
			};
			name = Debug;
		};
		190C55A02A12BE65004C01AA /* Release */ = {
			isa = XCBuildConfiguration;
			buildSettings = {
				ASSETCATALOG_COMPILER_APPICON_NAME = AppIcon;
				ASSETCATALOG_COMPILER_GLOBAL_ACCENT_COLOR_NAME = AccentColor;
				CODE_SIGN_STYLE = Automatic;
				CURRENT_PROJECT_VERSION = 1;
				DEVELOPMENT_TEAM = CBND793QHS;
				GENERATE_INFOPLIST_FILE = YES;
				INFOPLIST_FILE = AthenianMapsV2/Info.plist;
				INFOPLIST_KEY_UIApplicationSupportsIndirectInputEvents = YES;
				INFOPLIST_KEY_UILaunchStoryboardName = LaunchScreen;
				INFOPLIST_KEY_UIMainStoryboardFile = Main;
				INFOPLIST_KEY_UISupportedInterfaceOrientations_iPad = "UIInterfaceOrientationPortrait UIInterfaceOrientationPortraitUpsideDown UIInterfaceOrientationLandscapeLeft UIInterfaceOrientationLandscapeRight";
				INFOPLIST_KEY_UISupportedInterfaceOrientations_iPhone = "UIInterfaceOrientationPortrait UIInterfaceOrientationLandscapeLeft UIInterfaceOrientationLandscapeRight";
				LD_RUNPATH_SEARCH_PATHS = (
					"$(inherited)",
					"@executable_path/Frameworks",
				);
				MARKETING_VERSION = 1.0;
				PRODUCT_BUNDLE_IDENTIFIER = xyz.unmatch.AthenianMapsV2;
				PRODUCT_NAME = "$(TARGET_NAME)";
				SWIFT_EMIT_LOC_STRINGS = YES;
				SWIFT_VERSION = 5.0;
				TARGETED_DEVICE_FAMILY = "1,2";
			};
			name = Release;
		};
		190C55A22A12BE65004C01AA /* Debug */ = {
			isa = XCBuildConfiguration;
			buildSettings = {
				ALWAYS_EMBED_SWIFT_STANDARD_LIBRARIES = YES;
				BUNDLE_LOADER = "$(TEST_HOST)";
				CODE_SIGN_STYLE = Automatic;
				CURRENT_PROJECT_VERSION = 1;
				DEVELOPMENT_TEAM = CBND793QHS;
				GENERATE_INFOPLIST_FILE = YES;
				IPHONEOS_DEPLOYMENT_TARGET = 16.2;
				MARKETING_VERSION = 1.0;
				PRODUCT_BUNDLE_IDENTIFIER = xyz.unmatch.AthenianMapsV2Tests;
				PRODUCT_NAME = "$(TARGET_NAME)";
				SWIFT_EMIT_LOC_STRINGS = NO;
				SWIFT_VERSION = 5.0;
				TARGETED_DEVICE_FAMILY = "1,2";
				TEST_HOST = "$(BUILT_PRODUCTS_DIR)/AthenianMapsV2.app/$(BUNDLE_EXECUTABLE_FOLDER_PATH)/AthenianMapsV2";
			};
			name = Debug;
		};
		190C55A32A12BE65004C01AA /* Release */ = {
			isa = XCBuildConfiguration;
			buildSettings = {
				ALWAYS_EMBED_SWIFT_STANDARD_LIBRARIES = YES;
				BUNDLE_LOADER = "$(TEST_HOST)";
				CODE_SIGN_STYLE = Automatic;
				CURRENT_PROJECT_VERSION = 1;
				DEVELOPMENT_TEAM = CBND793QHS;
				GENERATE_INFOPLIST_FILE = YES;
				IPHONEOS_DEPLOYMENT_TARGET = 16.2;
				MARKETING_VERSION = 1.0;
				PRODUCT_BUNDLE_IDENTIFIER = xyz.unmatch.AthenianMapsV2Tests;
				PRODUCT_NAME = "$(TARGET_NAME)";
				SWIFT_EMIT_LOC_STRINGS = NO;
				SWIFT_VERSION = 5.0;
				TARGETED_DEVICE_FAMILY = "1,2";
				TEST_HOST = "$(BUILT_PRODUCTS_DIR)/AthenianMapsV2.app/$(BUNDLE_EXECUTABLE_FOLDER_PATH)/AthenianMapsV2";
			};
			name = Release;
		};
		190C55A52A12BE65004C01AA /* Debug */ = {
			isa = XCBuildConfiguration;
			buildSettings = {
				ALWAYS_EMBED_SWIFT_STANDARD_LIBRARIES = YES;
				CODE_SIGN_STYLE = Automatic;
				CURRENT_PROJECT_VERSION = 1;
				DEVELOPMENT_TEAM = CBND793QHS;
				GENERATE_INFOPLIST_FILE = YES;
				MARKETING_VERSION = 1.0;
				PRODUCT_BUNDLE_IDENTIFIER = xyz.unmatch.AthenianMapsV2UITests;
				PRODUCT_NAME = "$(TARGET_NAME)";
				SWIFT_EMIT_LOC_STRINGS = NO;
				SWIFT_VERSION = 5.0;
				TARGETED_DEVICE_FAMILY = "1,2";
				TEST_TARGET_NAME = AthenianMapsV2;
			};
			name = Debug;
		};
		190C55A62A12BE65004C01AA /* Release */ = {
			isa = XCBuildConfiguration;
			buildSettings = {
				ALWAYS_EMBED_SWIFT_STANDARD_LIBRARIES = YES;
				CODE_SIGN_STYLE = Automatic;
				CURRENT_PROJECT_VERSION = 1;
				DEVELOPMENT_TEAM = CBND793QHS;
				GENERATE_INFOPLIST_FILE = YES;
				MARKETING_VERSION = 1.0;
				PRODUCT_BUNDLE_IDENTIFIER = xyz.unmatch.AthenianMapsV2UITests;
				PRODUCT_NAME = "$(TARGET_NAME)";
				SWIFT_EMIT_LOC_STRINGS = NO;
				SWIFT_VERSION = 5.0;
				TARGETED_DEVICE_FAMILY = "1,2";
				TEST_TARGET_NAME = AthenianMapsV2;
			};
			name = Release;
		};
/* End XCBuildConfiguration section */

/* Begin XCConfigurationList section */
		190C556F2A12BE63004C01AA /* Build configuration list for PBXProject "AthenianMapsV2" */ = {
			isa = XCConfigurationList;
			buildConfigurations = (
				190C559C2A12BE65004C01AA /* Debug */,
				190C559D2A12BE65004C01AA /* Release */,
			);
			defaultConfigurationIsVisible = 0;
			defaultConfigurationName = Release;
		};
		190C559E2A12BE65004C01AA /* Build configuration list for PBXNativeTarget "AthenianMapsV2" */ = {
			isa = XCConfigurationList;
			buildConfigurations = (
				190C559F2A12BE65004C01AA /* Debug */,
				190C55A02A12BE65004C01AA /* Release */,
			);
			defaultConfigurationIsVisible = 0;
			defaultConfigurationName = Release;
		};
		190C55A12A12BE65004C01AA /* Build configuration list for PBXNativeTarget "AthenianMapsV2Tests" */ = {
			isa = XCConfigurationList;
			buildConfigurations = (
				190C55A22A12BE65004C01AA /* Debug */,
				190C55A32A12BE65004C01AA /* Release */,
			);
			defaultConfigurationIsVisible = 0;
			defaultConfigurationName = Release;
		};
		190C55A42A12BE65004C01AA /* Build configuration list for PBXNativeTarget "AthenianMapsV2UITests" */ = {
			isa = XCConfigurationList;
			buildConfigurations = (
				190C55A52A12BE65004C01AA /* Debug */,
				190C55A62A12BE65004C01AA /* Release */,
			);
			defaultConfigurationIsVisible = 0;
			defaultConfigurationName = Release;
		};
/* End XCConfigurationList section */
	};
	rootObject = 190C556C2A12BE63004C01AA /* Project object */;
}
